
Microsoft Visual Studio Solution File, Format Version 12.00
# Visual Studio 2012
Project("{FAE04EC0-301F-11D3-BF4B-00C04F79EFBC}") = "Game Of Life", "Game Of Life\Game Of Life.csproj", "{1C665049-9D2B-4C93-B464-25C3B13BA9D6}"
EndProject
Project("{6141683F-8A12-4E36-9623-2EB02B2C2303}") = "Setup", "Setup\Setup.isproj", "{FD3DEBAE-2014-417A-ABE2-A9F1C1136B41}"
	ProjectSection(ProjectDependencies) = postProject
		{1C665049-9D2B-4C93-B464-25C3B13BA9D6} = {1C665049-9D2B-4C93-B464-25C3B13BA9D6}
	EndProjectSection
EndProject
Global
	GlobalSection(SolutionConfigurationPlatforms) = preSolution
		CD_ROM|Any CPU = CD_ROM|Any CPU
		Debug|Any CPU = Debug|Any CPU
		DVD-5|Any CPU = DVD-5|Any CPU
		Release|Any CPU = Release|Any CPU
		SingleImage|Any CPU = SingleImage|Any CPU
	EndGlobalSection
	GlobalSection(ProjectConfigurationPlatforms) = postSolution
		{1C665049-9D2B-4C93-B464-25C3B13BA9D6}.CD_ROM|Any CPU.ActiveCfg = Release|Any CPU
		{1C665049-9D2B-4C93-B464-25C3B13BA9D6}.CD_ROM|Any CPU.Build.0 = Release|Any CPU
		{1C665049-9D2B-4C93-B464-25C3B13BA9D6}.Debug|Any CPU.ActiveCfg = Debug|Any CPU
		{1C665049-9D2B-4C93-B464-25C3B13BA9D6}.Debug|Any CPU.Build.0 = Debug|Any CPU
		{1C665049-9D2B-4C93-B464-25C3B13BA9D6}.DVD-5|Any CPU.ActiveCfg = Debug|Any CPU
		{1C665049-9D2B-4C93-B464-25C3B13BA9D6}.DVD-5|Any CPU.Build.0 = Debug|Any CPU
		{1C665049-9D2B-4C93-B464-25C3B13BA9D6}.Release|Any CPU.ActiveCfg = Release|Any CPU
		{1C665049-9D2B-4C93-B464-25C3B13BA9D6}.Release|Any CPU.Build.0 = Release|Any CPU
		{1C665049-9D2B-4C93-B464-25C3B13BA9D6}.SingleImage|Any CPU.ActiveCfg = Release|Any CPU
		{1C665049-9D2B-4C93-B464-25C3B13BA9D6}.SingleImage|Any CPU.Build.0 = Release|Any CPU
		{FD3DEBAE-2014-417A-ABE2-A9F1C1136B41}.CD_ROM|Any CPU.ActiveCfg = CD_ROM
		{FD3DEBAE-2014-417A-ABE2-A9F1C1136B41}.CD_ROM|Any CPU.Build.0 = CD_ROM
		{FD3DEBAE-2014-417A-ABE2-A9F1C1136B41}.Debug|Any CPU.ActiveCfg = DVD-5
		{FD3DEBAE-2014-417A-ABE2-A9F1C1136B41}.Debug|Any CPU.Build.0 = DVD-5
		{FD3DEBAE-2014-417A-ABE2-A9F1C1136B41}.DVD-5|Any CPU.ActiveCfg = DVD-5
		{FD3DEBAE-2014-417A-ABE2-A9F1C1136B41}.DVD-5|Any CPU.Build.0 = DVD-5
		{FD3DEBAE-2014-417A-ABE2-A9F1C1136B41}.Release|Any CPU.ActiveCfg = SingleImage
		{FD3DEBAE-2014-417A-ABE2-A9F1C1136B41}.Release|Any CPU.Build.0 = SingleImage
		{FD3DEBAE-2014-417A-ABE2-A9F1C1136B41}.SingleImage|Any CPU.ActiveCfg = SingleImage
		{FD3DEBAE-2014-417A-ABE2-A9F1C1136B41}.SingleImage|Any CPU.Build.0 = SingleImage
	EndGlobalSection
	GlobalSection(SolutionProperties) = preSolution
		HideSolutionNode = FALSE
	EndGlobalSection
	GlobalSection(Performance) = preSolution
		HasPerformanceSessions = true
	EndGlobalSection
EndGlobal
